// !$*UTF8*$!
{
	archiveVersion = 1;
	classes = {
	};
	objectVersion = 46;
	objects = {

/* Begin PBXBuildFile section */
		82D230561D1C05460009C9C0 /* AppDelegate.swift in Sources */ = {isa = PBXBuildFile; fileRef = 82D230551D1C05460009C9C0 /* AppDelegate.swift */; };
		82D230581D1C05460009C9C0 /* ViewController.swift in Sources */ = {isa = PBXBuildFile; fileRef = 82D230571D1C05460009C9C0 /* ViewController.swift */; };
		82D2305B1D1C05460009C9C0 /* Main.storyboard in Resources */ = {isa = PBXBuildFile; fileRef = 82D230591D1C05460009C9C0 /* Main.storyboard */; };
		82D2305D1D1C05460009C9C0 /* Assets.xcassets in Resources */ = {isa = PBXBuildFile; fileRef = 82D2305C1D1C05460009C9C0 /* Assets.xcassets */; };
		82D230601D1C05460009C9C0 /* LaunchScreen.storyboard in Resources */ = {isa = PBXBuildFile; fileRef = 82D2305E1D1C05460009C9C0 /* LaunchScreen.storyboard */; };
/* End PBXBuildFile section */

/* Begin PBXFileReference section */
		82D230521D1C05460009C9C0 /* SNSRealTimeAppOldVision.app */ = {isa = PBXFileReference; explicitFileType = wrapper.application; includeInIndex = 0; path = SNSRealTimeAppOldVision.app; sourceTree = BUILT_PRODUCTS_DIR; };
		82D230551D1C05460009C9C0 /* AppDelegate.swift */ = {isa = PBXFileReference; lastKnownFileType = sourcecode.swift; path = AppDelegate.swift; sourceTree = "<group>"; };
		82D230571D1C05460009C9C0 /* ViewController.swift */ = {isa = PBXFileReference; lastKnownFileType = sourcecode.swift; path = ViewController.swift; sourceTree = "<group>"; };
		82D2305A1D1C05460009C9C0 /* Base */ = {isa = PBXFileReference; lastKnownFileType = file.storyboard; name = Base; path = Base.lproj/Main.storyboard; sourceTree = "<group>"; };
		82D2305C1D1C05460009C9C0 /* Assets.xcassets */ = {isa = PBXFileReference; lastKnownFileType = folder.assetcatalog; path = Assets.xcassets; sourceTree = "<group>"; };
		82D2305F1D1C05460009C9C0 /* Base */ = {isa = PBXFileReference; lastKnownFileType = file.storyboard; name = Base; path = Base.lproj/LaunchScreen.storyboard; sourceTree = "<group>"; };
		82D230611D1C05460009C9C0 /* Info.plist */ = {isa = PBXFileReference; lastKnownFileType = text.plist.xml; path = Info.plist; sourceTree = "<group>"; };
/* End PBXFileReference section */

/* Begin PBXFrameworksBuildPhase section */
		82D2304F1D1C05460009C9C0 /* Frameworks */ = {
			isa = PBXFrameworksBuildPhase;
			buildActionMask = 2147483647;
			files = (
			);
			runOnlyForDeploymentPostprocessing = 0;
		};
/* End PBXFrameworksBuildPhase section */

/* Begin PBXGroup section */
		82D230491D1C05460009C9C0 = {
			isa = PBXGroup;
			children = (
				82D230541D1C05460009C9C0 /* SNSRealTimeAppOldVision */,
				82D230531D1C05460009C9C0 /* Products */,
			);
			sourceTree = "<group>";
		};
		82D230531D1C05460009C9C0 /* Products */ = {
			isa = PBXGroup;
			children = (
				82D230521D1C05460009C9C0 /* SNSRealTimeAppOldVision.app */,
			);
			name = Products;
			sourceTree = "<group>";
		};
		82D230541D1C05460009C9C0 /* SNSRealTimeAppOldVision */ = {
			isa = PBXGroup;
			children = (
				82D230551D1C05460009C9C0 /* AppDelegate.swift */,
				82D230571D1C05460009C9C0 /* ViewController.swift */,
				82D230591D1C05460009C9C0 /* Main.storyboard */,
				82D2305C1D1C05460009C9C0 /* Assets.xcassets */,
				82D2305E1D1C05460009C9C0 /* LaunchScreen.storyboard */,
				82D230611D1C05460009C9C0 /* Info.plist */,
			);
			path = SNSRealTimeAppOldVision;
			sourceTree = "<group>";
		};
/* End PBXGroup section */

/* Begin PBXNativeTarget section */
		82D230511D1C05460009C9C0 /* SNSRealTimeAppOldVision */ = {
			isa = PBXNativeTarget;
			buildConfigurationList = 82D230641D1C05460009C9C0 /* Build configuration list for PBXNativeTarget "SNSRealTimeAppOldVision" */;
			buildPhases = (
				82D2304E1D1C05460009C9C0 /* Sources */,
				82D2304F1D1C05460009C9C0 /* Frameworks */,
				82D230501D1C05460009C9C0 /* Resources */,
			);
			buildRules = (
			);
			dependencies = (
			);
			name = SNSRealTimeAppOldVision;
			productName = SNSRealTimeAppOldVision;
			productReference = 82D230521D1C05460009C9C0 /* SNSRealTimeAppOldVision.app */;
			productType = "com.apple.product-type.application";
		};
/* End PBXNativeTarget section */

/* Begin PBXProject section */
		82D2304A1D1C05460009C9C0 /* Project object */ = {
			isa = PBXProject;
			attributes = {
				LastSwiftUpdateCheck = 0730;
				LastUpgradeCheck = 0730;
				ORGANIZATIONNAME = Keynote;
				TargetAttributes = {
					82D230511D1C05460009C9C0 = {
						CreatedOnToolsVersion = 7.3.1;
					};
				};
			};
			buildConfigurationList = 82D2304D1D1C05460009C9C0 /* Build configuration list for PBXProject "SNSRealTimeAppOldVision" */;
			compatibilityVersion = "Xcode 3.2";
			developmentRegion = English;
			hasScannedForEncodings = 0;
			knownRegions = (
				en,
				Base,
			);
			mainGroup = 82D230491D1C05460009C9C0;
			productRefGroup = 82D230531D1C05460009C9C0 /* Products */;
			projectDirPath = "";
			projectRoot = "";
			targets = (
				82D230511D1C05460009C9C0 /* SNSRealTimeAppOldVision */,
			);
		};
/* End PBXProject section */

/* Begin PBXResourcesBuildPhase section */
		82D230501D1C05460009C9C0 /* Resources */ = {
			isa = PBXResourcesBuildPhase;
			buildActionMask = 2147483647;
			files = (
				82D230601D1C05460009C9C0 /* LaunchScreen.storyboard in Resources */,
				82D2305D1D1C05460009C9C0 /* Assets.xcassets in Resources */,
				82D2305B1D1C05460009C9C0 /* Main.storyboard in Resources */,
			);
			runOnlyForDeploymentPostprocessing = 0;
		};
/* End PBXResourcesBuildPhase section */

/* Begin PBXSourcesBuildPhase section */
		82D2304E1D1C05460009C9C0 /* Sources */ = {
			isa = PBXSourcesBuildPhase;
			buildActionMask = 2147483647;
			files = (
				82D230581D1C05460009C9C0 /* ViewController.swift in Sources */,
				82D230561D1C05460009C9C0 /* AppDelegate.swift in Sources */,
			);
			runOnlyForDeploymentPostprocessing = 0;
		};
/* End PBXSourcesBuildPhase section */

/* Begin PBXVariantGroup section */
		82D230591D1C05460009C9C0 /* Main.storyboard */ = {
			isa = PBXVariantGroup;
			children = (
				82D2305A1D1C05460009C9C0 /* Base */,
			);
			name = Main.storyboard;
			sourceTree = "<group>";
		};
		82D2305E1D1C05460009C9C0 /* LaunchScreen.storyboard */ = {
			isa = PBXVariantGroup;
			children = (
				82D2305F1D1C05460009C9C0 /* Base */,
			);
			name = LaunchScreen.storyboard;
			sourceTree = "<group>";
		};
/* End PBXVariantGroup section */

/* Begin XCBuildConfiguration section */
		82D230621D1C05460009C9C0 /* Debug */ = {
			isa = XCBuildConfiguration;
			buildSettings = {
				ALWAYS_SEARCH_USER_PATHS = NO;
				CLANG_ANALYZER_NONNULL = YES;
				CLANG_CXX_LANGUAGE_STANDARD = "gnu++0x";
				CLANG_CXX_LIBRARY = "libc++";
				CLANG_ENABLE_MODULES = YES;
				CLANG_ENABLE_OBJC_ARC = YES;
				CLANG_WARN_BOOL_CONVERSION = YES;
				CLANG_WARN_CONSTANT_CONVERSION = YES;
				CLANG_WARN_DIRECT_OBJC_ISA_USAGE = YES_ERROR;
				CLANG_WARN_EMPTY_BODY = YES;
				CLANG_WARN_ENUM_CONVERSION = YES;
				CLANG_WARN_INT_CONVERSION = YES;
				CLANG_WARN_OBJC_ROOT_CLASS = YES_ERROR;
				CLANG_WARN_UNREACHABLE_CODE = YES;
				CLANG_WARN__DUPLICATE_METHOD_MATCH = YES;
				"CODE_SIGN_IDENTITY[sdk=iphoneos*]" = "iPhone Developer";
				COPY_PHASE_STRIP = NO;
				DEBUG_INFORMATION_FORMAT = dwarf;
				ENABLE_STRICT_OBJC_MSGSEND = YES;
				ENABLE_TESTABILITY = YES;
				GCC_C_LANGUAGE_STANDARD = gnu99;
				GCC_DYNAMIC_NO_PIC = NO;
				GCC_NO_COMMON_BLOCKS = YES;
				GCC_OPTIMIZATION_LEVEL = 0;
				GCC_PREPROCESSOR_DEFINITIONS = (
					"DEBUG=1",
					"$(inherited)",
				);
				GCC_WARN_64_TO_32_BIT_CONVERSION = YES;
				GCC_WARN_ABOUT_RETURN_TYPE = YES_ERROR;
				GCC_WARN_UNDECLARED_SELECTOR = YES;
				GCC_WARN_UNINITIALIZED_AUTOS = YES_AGGRESSIVE;
				GCC_WARN_UNUSED_FUNCTION = YES;
				GCC_WARN_UNUSED_VARIABLE = YES;
				IPHONEOS_DEPLOYMENT_TARGET = 9.3;
				MTL_ENABLE_DEBUG_INFO = YES;
				ONLY_ACTIVE_ARCH = YES;
				SDKROOT = iphoneos;
				SWIFT_OPTIMIZATION_LEVEL = "-Onone";
			};
			name = Debug;
		};
		82D230631D1C05460009C9C0 /* Release */ = {
			isa = XCBuildConfiguration;
			buildSettings = {
				ALWAYS_SEARCH_USER_PATHS = NO;
				CLANG_ANALYZER_NONNULL = YES;
				CLANG_CXX_LANGUAGE_STANDARD = "gnu++0x";
				CLANG_CXX_LIBRARY = "libc++";
				CLANG_ENABLE_MODULES = YES;
				CLANG_ENABLE_OBJC_ARC = YES;
				CLANG_WARN_BOOL_CONVERSION = YES;
				CLANG_WARN_CONSTANT_CONVERSION = YES;
				CLANG_WARN_DIRECT_OBJC_ISA_USAGE = YES_ERROR;
				CLANG_WARN_EMPTY_BODY = YES;
				CLANG_WARN_ENUM_CONVERSION = YES;
				CLANG_WARN_INT_CONVERSION = YES;
				CLANG_WARN_OBJC_ROOT_CLASS = YES_ERROR;
				CLANG_WARN_UNREACHABLE_CODE = YES;
				CLANG_WARN__DUPLICATE_METHOD_MATCH = YES;
				"CODE_SIGN_IDENTITY[sdk=iphoneos*]" = "iPhone Developer";
				COPY_PHASE_STRIP = NO;
				DEBUG_INFORMATION_FORMAT = "dwarf-with-dsym";
				ENABLE_NS_ASSERTIONS = NO;
				ENABLE_STRICT_OBJC_MSGSEND = YES;
				GCC_C_LANGUAGE_STANDARD = gnu99;
				GCC_NO_COMMON_BLOCKS = YES;
				GCC_WARN_64_TO_32_BIT_CONVERSION = YES;
				GCC_WARN_ABOUT_RETURN_TYPE = YES_ERROR;
				GCC_WARN_UNDECLARED_SELECTOR = YES;
				GCC_WARN_UNINITIALIZED_AUTOS = YES_AGGRESSIVE;
				GCC_WARN_UNUSED_FUNCTION = YES;
				GCC_WARN_UNUSED_VARIABLE = YES;
				IPHONEOS_DEPLOYMENT_TARGET = 9.3;
				MTL_ENABLE_DEBUG_INFO = NO;
				SDKROOT = iphoneos;
				VALIDATE_PRODUCT = YES;
			};
			name = Release;
		};
		82D230651D1C05460009C9C0 /* Debug */ = {
			isa = XCBuildConfiguration;
			buildSettings = {
				ASSETCATALOG_COMPILER_APPICON_NAME = AppIcon;
				INFOPLIST_FILE = SNSRealTimeAppOldVision/Info.plist;
				LD_RUNPATH_SEARCH_PATHS = "$(inherited) @executable_path/Frameworks";
				PRODUCT_BUNDLE_IDENTIFIER = com.coolApp.SNSRealTimeAppOldVision;
				PRODUCT_NAME = "$(TARGET_NAME)";
			};
			name = Debug;
		};
		82D230661D1C05460009C9C0 /* Release */ = {
			isa = XCBuildConfiguration;
			buildSettings = {
				ASSETCATALOG_COMPILER_APPICON_NAME = AppIcon;
				INFOPLIST_FILE = SNSRealTimeAppOldVision/Info.plist;
				LD_RUNPATH_SEARCH_PATHS = "$(inherited) @executable_path/Frameworks";
				PRODUCT_BUNDLE_IDENTIFIER = com.coolApp.SNSRealTimeAppOldVision;
				PRODUCT_NAME = "$(TARGET_NAME)";
			};
			name = Release;
		};
/* End XCBuildConfiguration section */

/* Begin XCConfigurationList section */
		82D2304D1D1C05460009C9C0 /* Build configuration list for PBXProject "SNSRealTimeAppOldVision" */ = {
			isa = XCConfigurationList;
			buildConfigurations = (
				82D230621D1C05460009C9C0 /* Debug */,
				82D230631D1C05460009C9C0 /* Release */,
			);
			defaultConfigurationIsVisible = 0;
			defaultConfigurationName = Release;
		};
		82D230641D1C05460009C9C0 /* Build configuration list for PBXNativeTarget "SNSRealTimeAppOldVision" */ = {
			isa = XCConfigurationList;
			buildConfigurations = (
				82D230651D1C05460009C9C0 /* Debug */,
				82D230661D1C05460009C9C0 /* Release */,
			);
			defaultConfigurationIsVisible = 0;
		};
/* End XCConfigurationList section */
	};
	rootObject = 82D2304A1D1C05460009C9C0 /* Project object */;
}
